
Microsoft Visual Studio Solution File, Format Version 12.00
# Visual Studio Version 16
VisualStudioVersion = 16.0.31402.337
MinimumVisualStudioVersion = 10.0.40219.1
Project("{FAE04EC0-301F-11D3-BF4B-00C04F79EFBC}") = "naRatunek", "naRatunek\naRatunek.csproj", "{E502F1A8-F58D-48D8-9734-CCE0A0FF838E}"
EndProject
Global
	GlobalSection(SolutionConfigurationPlatforms) = preSolution
		Debug|Any CPU = Debug|Any CPU
		Release|Any CPU = Release|Any CPU
	EndGlobalSection
	GlobalSection(ProjectConfigurationPlatforms) = postSolution
		{E502F1A8-F58D-48D8-9734-CCE0A0FF838E}.Debug|Any CPU.ActiveCfg = Debug|Any CPU
		{E502F1A8-F58D-48D8-9734-CCE0A0FF838E}.Debug|Any CPU.Build.0 = Debug|Any CPU
		{E502F1A8-F58D-48D8-9734-CCE0A0FF838E}.Release|Any CPU.ActiveCfg = Release|Any CPU
		{E502F1A8-F58D-48D8-9734-CCE0A0FF838E}.Release|Any CPU.Build.0 = Release|Any CPU
	EndGlobalSection
	GlobalSection(SolutionProperties) = preSolution
		HideSolutionNode = FALSE
	EndGlobalSection
	GlobalSection(ExtensibilityGlobals) = postSolution
		SolutionGuid = {BAE49E2D-97F8-4CE7-8A40-3086F4E2129C}
	EndGlobalSection
EndGlobal
